<Solution>
  <Folder Name="/src/">
    <Project Path="src/MulliganDeck.Api/MulliganDeck.Api.csproj" />
    <Project Path="src/MulliganDeck.Domain/MulliganDeck.Domain.csproj" />
    <Project Path="src/MulliganDeck.Infrastructure/MulliganDeck.Infrastructure.csproj" />
  </Folder>
  <Folder Name="/tests/">
    <Project Path="tests/MulliganDeck.Tests/MulliganDeck.Tests.csproj" />
  </Folder>
</Solution>
